
Microsoft Visual Studio Solution File, Format Version 11.00
# Visual Studio 2010
Project("{FAE04EC0-301F-11D3-BF4B-00C04F79EFBC}") = "Jam2018", "Assembly-CSharp.csproj", "{3706D6E5-B347-A3A8-8780-1BCB7DEF5C65}"
EndProject
Project("{FAE04EC0-301F-11D3-BF4B-00C04F79EFBC}") = "Jam2018", "Assembly-CSharp-Editor.csproj", "{DE300D68-AFB1-1A51-70D6-E33A975FE462}"
EndProject
Global
	GlobalSection(SolutionConfigurationPlatforms) = preSolution
		Debug|Any CPU = Debug|Any CPU
		Release|Any CPU = Release|Any CPU
	EndGlobalSection
	GlobalSection(ProjectConfigurationPlatforms) = postSolution
		{3706D6E5-B347-A3A8-8780-1BCB7DEF5C65}.Debug|Any CPU.ActiveCfg = Debug|Any CPU
		{3706D6E5-B347-A3A8-8780-1BCB7DEF5C65}.Debug|Any CPU.Build.0 = Debug|Any CPU
		{3706D6E5-B347-A3A8-8780-1BCB7DEF5C65}.Release|Any CPU.ActiveCfg = Release|Any CPU
		{3706D6E5-B347-A3A8-8780-1BCB7DEF5C65}.Release|Any CPU.Build.0 = Release|Any CPU
		{DE300D68-AFB1-1A51-70D6-E33A975FE462}.Debug|Any CPU.ActiveCfg = Debug|Any CPU
		{DE300D68-AFB1-1A51-70D6-E33A975FE462}.Debug|Any CPU.Build.0 = Debug|Any CPU
		{DE300D68-AFB1-1A51-70D6-E33A975FE462}.Release|Any CPU.ActiveCfg = Release|Any CPU
		{DE300D68-AFB1-1A51-70D6-E33A975FE462}.Release|Any CPU.Build.0 = Release|Any CPU
	EndGlobalSection
	GlobalSection(SolutionProperties) = preSolution
		HideSolutionNode = FALSE
	EndGlobalSection
	GlobalSection(MonoDevelopProperties) = preSolution
		StartupItem = Assembly-CSharp.csproj
	EndGlobalSection
EndGlobal
